
Microsoft Visual Studio Solution File, Format Version 12.00
# Visual Studio 14
VisualStudioVersion = 14.0.24720.0
MinimumVisualStudioVersion = 10.0.40219.1
Project("{FAE04EC0-301F-11D3-BF4B-00C04F79EFBC}") = "First Example", "First Example\First Example.csproj", "{7B019D7D-5344-4609-91F7-FB3B76A251F9}"
EndProject
Project("{FAE04EC0-301F-11D3-BF4B-00C04F79EFBC}") = "Excellent result", "Excellent result\Excellent result.csproj", "{D04AC5C6-6378-4E10-9F2C-4C094EBC26DB}"
EndProject
Project("{FAE04EC0-301F-11D3-BF4B-00C04F79EFBC}") = "Excellent ot not", "Excellent ot not\Excellent ot not.csproj", "{8D1ACAD8-B078-4B3B-BF6F-D6324FE207CD}"
EndProject
Project("{FAE04EC0-301F-11D3-BF4B-00C04F79EFBC}") = "Even or Odd Number", "Even or Odd Number\Even or Odd Number.csproj", "{CBDCFF21-3EF5-49A5-8923-18915C0EA88A}"
EndProject
Project("{FAE04EC0-301F-11D3-BF4B-00C04F79EFBC}") = "Greater Number", "Greater Number\Greater Number.csproj", "{4E61AFBF-6C55-4E95-A09A-3BAB91C61F58}"
EndProject
Project("{FAE04EC0-301F-11D3-BF4B-00C04F79EFBC}") = "Numbers 0 to 9 text", "Numbers 0 to 9 text\Numbers 0 to 9 text.csproj", "{46D11274-A137-45B0-9ED0-45FA273D0B12}"
EndProject
Project("{FAE04EC0-301F-11D3-BF4B-00C04F79EFBC}") = "Bonus Score", "Bonus Score\Bonus Score.csproj", "{F91FA0E2-E523-43F5-9177-083D880EDBB4}"
EndProject
Project("{FAE04EC0-301F-11D3-BF4B-00C04F79EFBC}") = "SumSeconds", "SumSeconds\SumSeconds.csproj", "{599CFF5A-247C-4C59-A00C-F40C44FF8F60}"
EndProject
Project("{FAE04EC0-301F-11D3-BF4B-00C04F79EFBC}") = "MetricConverter", "MetricConverter\MetricConverter.csproj", "{C67BB30F-E2B4-4211-93E1-F8FD1544402D}"
EndProject
Project("{FAE04EC0-301F-11D3-BF4B-00C04F79EFBC}") = "SumSeconds2", "SumSeconds2\SumSeconds2.csproj", "{30278064-2481-4477-BC18-D48E34364E0B}"
EndProject
Project("{FAE04EC0-301F-11D3-BF4B-00C04F79EFBC}") = "Currency-Converter", "Currency-Converter\Currency-Converter.csproj", "{41D42E40-3278-4533-8FB4-80DB252CE40D}"
EndProject
Project("{FAE04EC0-301F-11D3-BF4B-00C04F79EFBC}") = "PasswordGuess", "PasswordGuess\PasswordGuess.csproj", "{70C4DF9A-0203-4FE1-91E9-0060F8283912}"
EndProject
Project("{FAE04EC0-301F-11D3-BF4B-00C04F79EFBC}") = "Number100to200", "Number100to200\Number100to200.csproj", "{E586A962-2AC4-44BE-B12A-EE87370093C1}"
EndProject
Project("{FAE04EC0-301F-11D3-BF4B-00C04F79EFBC}") = "EqualWords", "EqualWords\EqualWords.csproj", "{6D2E5D45-6971-45BB-8133-6AA1C91709B6}"
EndProject
Project("{FAE04EC0-301F-11D3-BF4B-00C04F79EFBC}") = "SpeedInfo", "SpeedInfo\SpeedInfo.csproj", "{E384C64D-EBD3-4F7A-8878-1A697D54BEC4}"
EndProject
Project("{FAE04EC0-301F-11D3-BF4B-00C04F79EFBC}") = "AreaOfFigures", "AreaOfFigures\AreaOfFigures.csproj", "{6AC03843-BB52-43C1-8C84-E6F2B9198CB7}"
EndProject
Project("{FAE04EC0-301F-11D3-BF4B-00C04F79EFBC}") = "Time+15minutes", "Time+15minutes\Time+15minutes.csproj", "{E17DBE9A-4F7D-4B5E-AE20-F526A7923D39}"
EndProject
Project("{FAE04EC0-301F-11D3-BF4B-00C04F79EFBC}") = "3EqualNumbers", "3EqualNumbers\3EqualNumbers.csproj", "{B1CC16EA-7E30-469A-89D1-0B1F4BE28268}"
EndProject
Project("{FAE04EC0-301F-11D3-BF4B-00C04F79EFBC}") = "Number0100katrins", "Number0..100toText\Number0100katrins.csproj", "{032A5A8A-9FAC-443D-9100-1DE486BE6076}"
EndProject
Project("{FAE04EC0-301F-11D3-BF4B-00C04F79EFBC}") = "Numbe0100-secondType", "Numbe0100-secondType\Numbe0100-secondType.csproj", "{ACCACA80-4B44-40E9-805B-655199037DF5}"
EndProject
Project("{FAE04EC0-301F-11D3-BF4B-00C04F79EFBC}") = "Number0100thirdType", "Number0100thirdType\Number0100thirdType.csproj", "{B43FD35A-651E-4F8D-9564-D657646C8186}"
EndProject
Global
	GlobalSection(SolutionConfigurationPlatforms) = preSolution
		Debug|Any CPU = Debug|Any CPU
		Release|Any CPU = Release|Any CPU
	EndGlobalSection
	GlobalSection(ProjectConfigurationPlatforms) = postSolution
		{7B019D7D-5344-4609-91F7-FB3B76A251F9}.Debug|Any CPU.ActiveCfg = Debug|Any CPU
		{7B019D7D-5344-4609-91F7-FB3B76A251F9}.Debug|Any CPU.Build.0 = Debug|Any CPU
		{7B019D7D-5344-4609-91F7-FB3B76A251F9}.Release|Any CPU.ActiveCfg = Release|Any CPU
		{7B019D7D-5344-4609-91F7-FB3B76A251F9}.Release|Any CPU.Build.0 = Release|Any CPU
		{D04AC5C6-6378-4E10-9F2C-4C094EBC26DB}.Debug|Any CPU.ActiveCfg = Debug|Any CPU
		{D04AC5C6-6378-4E10-9F2C-4C094EBC26DB}.Debug|Any CPU.Build.0 = Debug|Any CPU
		{D04AC5C6-6378-4E10-9F2C-4C094EBC26DB}.Release|Any CPU.ActiveCfg = Release|Any CPU
		{D04AC5C6-6378-4E10-9F2C-4C094EBC26DB}.Release|Any CPU.Build.0 = Release|Any CPU
		{8D1ACAD8-B078-4B3B-BF6F-D6324FE207CD}.Debug|Any CPU.ActiveCfg = Debug|Any CPU
		{8D1ACAD8-B078-4B3B-BF6F-D6324FE207CD}.Debug|Any CPU.Build.0 = Debug|Any CPU
		{8D1ACAD8-B078-4B3B-BF6F-D6324FE207CD}.Release|Any CPU.ActiveCfg = Release|Any CPU
		{8D1ACAD8-B078-4B3B-BF6F-D6324FE207CD}.Release|Any CPU.Build.0 = Release|Any CPU
		{CBDCFF21-3EF5-49A5-8923-18915C0EA88A}.Debug|Any CPU.ActiveCfg = Debug|Any CPU
		{CBDCFF21-3EF5-49A5-8923-18915C0EA88A}.Debug|Any CPU.Build.0 = Debug|Any CPU
		{CBDCFF21-3EF5-49A5-8923-18915C0EA88A}.Release|Any CPU.ActiveCfg = Release|Any CPU
		{CBDCFF21-3EF5-49A5-8923-18915C0EA88A}.Release|Any CPU.Build.0 = Release|Any CPU
		{4E61AFBF-6C55-4E95-A09A-3BAB91C61F58}.Debug|Any CPU.ActiveCfg = Debug|Any CPU
		{4E61AFBF-6C55-4E95-A09A-3BAB91C61F58}.Debug|Any CPU.Build.0 = Debug|Any CPU
		{4E61AFBF-6C55-4E95-A09A-3BAB91C61F58}.Release|Any CPU.ActiveCfg = Release|Any CPU
		{4E61AFBF-6C55-4E95-A09A-3BAB91C61F58}.Release|Any CPU.Build.0 = Release|Any CPU
		{46D11274-A137-45B0-9ED0-45FA273D0B12}.Debug|Any CPU.ActiveCfg = Debug|Any CPU
		{46D11274-A137-45B0-9ED0-45FA273D0B12}.Debug|Any CPU.Build.0 = Debug|Any CPU
		{46D11274-A137-45B0-9ED0-45FA273D0B12}.Release|Any CPU.ActiveCfg = Release|Any CPU
		{46D11274-A137-45B0-9ED0-45FA273D0B12}.Release|Any CPU.Build.0 = Release|Any CPU
		{F91FA0E2-E523-43F5-9177-083D880EDBB4}.Debug|Any CPU.ActiveCfg = Debug|Any CPU
		{F91FA0E2-E523-43F5-9177-083D880EDBB4}.Debug|Any CPU.Build.0 = Debug|Any CPU
		{F91FA0E2-E523-43F5-9177-083D880EDBB4}.Release|Any CPU.ActiveCfg = Release|Any CPU
		{F91FA0E2-E523-43F5-9177-083D880EDBB4}.Release|Any CPU.Build.0 = Release|Any CPU
		{599CFF5A-247C-4C59-A00C-F40C44FF8F60}.Debug|Any CPU.ActiveCfg = Debug|Any CPU
		{599CFF5A-247C-4C59-A00C-F40C44FF8F60}.Debug|Any CPU.Build.0 = Debug|Any CPU
		{599CFF5A-247C-4C59-A00C-F40C44FF8F60}.Release|Any CPU.ActiveCfg = Release|Any CPU
		{599CFF5A-247C-4C59-A00C-F40C44FF8F60}.Release|Any CPU.Build.0 = Release|Any CPU
		{C67BB30F-E2B4-4211-93E1-F8FD1544402D}.Debug|Any CPU.ActiveCfg = Debug|Any CPU
		{C67BB30F-E2B4-4211-93E1-F8FD1544402D}.Debug|Any CPU.Build.0 = Debug|Any CPU
		{C67BB30F-E2B4-4211-93E1-F8FD1544402D}.Release|Any CPU.ActiveCfg = Release|Any CPU
		{C67BB30F-E2B4-4211-93E1-F8FD1544402D}.Release|Any CPU.Build.0 = Release|Any CPU
		{30278064-2481-4477-BC18-D48E34364E0B}.Debug|Any CPU.ActiveCfg = Debug|Any CPU
		{30278064-2481-4477-BC18-D48E34364E0B}.Debug|Any CPU.Build.0 = Debug|Any CPU
		{30278064-2481-4477-BC18-D48E34364E0B}.Release|Any CPU.ActiveCfg = Release|Any CPU
		{30278064-2481-4477-BC18-D48E34364E0B}.Release|Any CPU.Build.0 = Release|Any CPU
		{41D42E40-3278-4533-8FB4-80DB252CE40D}.Debug|Any CPU.ActiveCfg = Debug|Any CPU
		{41D42E40-3278-4533-8FB4-80DB252CE40D}.Debug|Any CPU.Build.0 = Debug|Any CPU
		{41D42E40-3278-4533-8FB4-80DB252CE40D}.Release|Any CPU.ActiveCfg = Release|Any CPU
		{41D42E40-3278-4533-8FB4-80DB252CE40D}.Release|Any CPU.Build.0 = Release|Any CPU
		{70C4DF9A-0203-4FE1-91E9-0060F8283912}.Debug|Any CPU.ActiveCfg = Debug|Any CPU
		{70C4DF9A-0203-4FE1-91E9-0060F8283912}.Debug|Any CPU.Build.0 = Debug|Any CPU
		{70C4DF9A-0203-4FE1-91E9-0060F8283912}.Release|Any CPU.ActiveCfg = Release|Any CPU
		{70C4DF9A-0203-4FE1-91E9-0060F8283912}.Release|Any CPU.Build.0 = Release|Any CPU
		{E586A962-2AC4-44BE-B12A-EE87370093C1}.Debug|Any CPU.ActiveCfg = Debug|Any CPU
		{E586A962-2AC4-44BE-B12A-EE87370093C1}.Debug|Any CPU.Build.0 = Debug|Any CPU
		{E586A962-2AC4-44BE-B12A-EE87370093C1}.Release|Any CPU.ActiveCfg = Release|Any CPU
		{E586A962-2AC4-44BE-B12A-EE87370093C1}.Release|Any CPU.Build.0 = Release|Any CPU
		{6D2E5D45-6971-45BB-8133-6AA1C91709B6}.Debug|Any CPU.ActiveCfg = Debug|Any CPU
		{6D2E5D45-6971-45BB-8133-6AA1C91709B6}.Debug|Any CPU.Build.0 = Debug|Any CPU
		{6D2E5D45-6971-45BB-8133-6AA1C91709B6}.Release|Any CPU.ActiveCfg = Release|Any CPU
		{6D2E5D45-6971-45BB-8133-6AA1C91709B6}.Release|Any CPU.Build.0 = Release|Any CPU
		{E384C64D-EBD3-4F7A-8878-1A697D54BEC4}.Debug|Any CPU.ActiveCfg = Debug|Any CPU
		{E384C64D-EBD3-4F7A-8878-1A697D54BEC4}.Debug|Any CPU.Build.0 = Debug|Any CPU
		{E384C64D-EBD3-4F7A-8878-1A697D54BEC4}.Release|Any CPU.ActiveCfg = Release|Any CPU
		{E384C64D-EBD3-4F7A-8878-1A697D54BEC4}.Release|Any CPU.Build.0 = Release|Any CPU
		{6AC03843-BB52-43C1-8C84-E6F2B9198CB7}.Debug|Any CPU.ActiveCfg = Debug|Any CPU
		{6AC03843-BB52-43C1-8C84-E6F2B9198CB7}.Debug|Any CPU.Build.0 = Debug|Any CPU
		{6AC03843-BB52-43C1-8C84-E6F2B9198CB7}.Release|Any CPU.ActiveCfg = Release|Any CPU
		{6AC03843-BB52-43C1-8C84-E6F2B9198CB7}.Release|Any CPU.Build.0 = Release|Any CPU
		{E17DBE9A-4F7D-4B5E-AE20-F526A7923D39}.Debug|Any CPU.ActiveCfg = Debug|Any CPU
		{E17DBE9A-4F7D-4B5E-AE20-F526A7923D39}.Debug|Any CPU.Build.0 = Debug|Any CPU
		{E17DBE9A-4F7D-4B5E-AE20-F526A7923D39}.Release|Any CPU.ActiveCfg = Release|Any CPU
		{E17DBE9A-4F7D-4B5E-AE20-F526A7923D39}.Release|Any CPU.Build.0 = Release|Any CPU
		{B1CC16EA-7E30-469A-89D1-0B1F4BE28268}.Debug|Any CPU.ActiveCfg = Debug|Any CPU
		{B1CC16EA-7E30-469A-89D1-0B1F4BE28268}.Debug|Any CPU.Build.0 = Debug|Any CPU
		{B1CC16EA-7E30-469A-89D1-0B1F4BE28268}.Release|Any CPU.ActiveCfg = Release|Any CPU
		{B1CC16EA-7E30-469A-89D1-0B1F4BE28268}.Release|Any CPU.Build.0 = Release|Any CPU
		{032A5A8A-9FAC-443D-9100-1DE486BE6076}.Debug|Any CPU.ActiveCfg = Debug|Any CPU
		{032A5A8A-9FAC-443D-9100-1DE486BE6076}.Debug|Any CPU.Build.0 = Debug|Any CPU
		{032A5A8A-9FAC-443D-9100-1DE486BE6076}.Release|Any CPU.ActiveCfg = Release|Any CPU
		{032A5A8A-9FAC-443D-9100-1DE486BE6076}.Release|Any CPU.Build.0 = Release|Any CPU
		{ACCACA80-4B44-40E9-805B-655199037DF5}.Debug|Any CPU.ActiveCfg = Debug|Any CPU
		{ACCACA80-4B44-40E9-805B-655199037DF5}.Debug|Any CPU.Build.0 = Debug|Any CPU
		{ACCACA80-4B44-40E9-805B-655199037DF5}.Release|Any CPU.ActiveCfg = Release|Any CPU
		{ACCACA80-4B44-40E9-805B-655199037DF5}.Release|Any CPU.Build.0 = Release|Any CPU
		{B43FD35A-651E-4F8D-9564-D657646C8186}.Debug|Any CPU.ActiveCfg = Debug|Any CPU
		{B43FD35A-651E-4F8D-9564-D657646C8186}.Debug|Any CPU.Build.0 = Debug|Any CPU
		{B43FD35A-651E-4F8D-9564-D657646C8186}.Release|Any CPU.ActiveCfg = Release|Any CPU
		{B43FD35A-651E-4F8D-9564-D657646C8186}.Release|Any CPU.Build.0 = Release|Any CPU
	EndGlobalSection
	GlobalSection(SolutionProperties) = preSolution
		HideSolutionNode = FALSE
	EndGlobalSection
EndGlobal
